
Microsoft Visual Studio Solution File, Format Version 12.00
# Visual Studio Version 16
VisualStudioVersion = 16.0.32602.291
MinimumVisualStudioVersion = 10.0.40219.1
Project("{FAE04EC0-301F-11D3-BF4B-00C04F79EFBC}") = "Shifumiv2", "Shifumiv2\Shifumiv2.csproj", "{39CE7B8D-B747-4247-8B79-2941903AFD53}"
EndProject
Global
	GlobalSection(SolutionConfigurationPlatforms) = preSolution
		Debug|Any CPU = Debug|Any CPU
		Release|Any CPU = Release|Any CPU
	EndGlobalSection
	GlobalSection(ProjectConfigurationPlatforms) = postSolution
		{39CE7B8D-B747-4247-8B79-2941903AFD53}.Debug|Any CPU.ActiveCfg = Debug|Any CPU
		{39CE7B8D-B747-4247-8B79-2941903AFD53}.Debug|Any CPU.Build.0 = Debug|Any CPU
		{39CE7B8D-B747-4247-8B79-2941903AFD53}.Release|Any CPU.ActiveCfg = Release|Any CPU
		{39CE7B8D-B747-4247-8B79-2941903AFD53}.Release|Any CPU.Build.0 = Release|Any CPU
	EndGlobalSection
	GlobalSection(SolutionProperties) = preSolution
		HideSolutionNode = FALSE
	EndGlobalSection
	GlobalSection(ExtensibilityGlobals) = postSolution
		SolutionGuid = {B1568ADA-9F3D-46F4-9F26-28F6B510C28B}
	EndGlobalSection
EndGlobal
